
Microsoft Visual Studio Solution File, Format Version 12.00
# Visual Studio Version 17
VisualStudioVersion = 17.10.35201.131
MinimumVisualStudioVersion = 10.0.40219.1
Project("{9A19103F-16F7-4668-BE54-9A1E7A4F7556}") = "Divengine.CSharpMapper", "generator\Divengine.CSharpMapper.csproj", "{B9C3C1BD-0C96-41BD-BDFF-02745EF29F33}"
EndProject
Project("{9A19103F-16F7-4668-BE54-9A1E7A4F7556}") = "Divengine.CSharpMapper.Example", "example\Divengine.CSharpMapper.Example.csproj", "{13DCAAF3-37EF-4F26-B644-9F6F7B6D3DE2}"
EndProject
Global
	GlobalSection(SolutionConfigurationPlatforms) = preSolution
		Debug|Any CPU = Debug|Any CPU
		Release|Any CPU = Release|Any CPU
	EndGlobalSection
	GlobalSection(ProjectConfigurationPlatforms) = postSolution
		{B9C3C1BD-0C96-41BD-BDFF-02745EF29F33}.Debug|Any CPU.ActiveCfg = Debug|Any CPU
		{B9C3C1BD-0C96-41BD-BDFF-02745EF29F33}.Debug|Any CPU.Build.0 = Debug|Any CPU
		{B9C3C1BD-0C96-41BD-BDFF-02745EF29F33}.Release|Any CPU.ActiveCfg = Release|Any CPU
		{B9C3C1BD-0C96-41BD-BDFF-02745EF29F33}.Release|Any CPU.Build.0 = Release|Any CPU
		{13DCAAF3-37EF-4F26-B644-9F6F7B6D3DE2}.Debug|Any CPU.ActiveCfg = Debug|Any CPU
		{13DCAAF3-37EF-4F26-B644-9F6F7B6D3DE2}.Debug|Any CPU.Build.0 = Debug|Any CPU
		{13DCAAF3-37EF-4F26-B644-9F6F7B6D3DE2}.Release|Any CPU.ActiveCfg = Release|Any CPU
		{13DCAAF3-37EF-4F26-B644-9F6F7B6D3DE2}.Release|Any CPU.Build.0 = Release|Any CPU
	EndGlobalSection
	GlobalSection(SolutionProperties) = preSolution
		HideSolutionNode = FALSE
	EndGlobalSection
	GlobalSection(ExtensibilityGlobals) = postSolution
		SolutionGuid = {9D90E011-130D-489D-8607-75FEB7988987}
	EndGlobalSection
EndGlobal
